
Microsoft Visual Studio Solution File, Format Version 12.00
# Visual Studio Version 16
VisualStudioVersion = 16.0.29306.81
MinimumVisualStudioVersion = 10.0.40219.1
Project("{FAE04EC0-301F-11D3-BF4B-00C04F79EFBC}") = "SlipShoeController", "SlipShoeController\SlipShoeController.csproj", "{791F6F95-3416-4D34-A498-096010DA0C28}"
EndProject
Global
	GlobalSection(SolutionConfigurationPlatforms) = preSolution
		Debug|Any CPU = Debug|Any CPU
		Release|Any CPU = Release|Any CPU
	EndGlobalSection
	GlobalSection(ProjectConfigurationPlatforms) = postSolution
		{791F6F95-3416-4D34-A498-096010DA0C28}.Debug|Any CPU.ActiveCfg = Debug|Any CPU
		{791F6F95-3416-4D34-A498-096010DA0C28}.Debug|Any CPU.Build.0 = Debug|Any CPU
		{791F6F95-3416-4D34-A498-096010DA0C28}.Debug|Any CPU.Deploy.0 = Debug|Any CPU
		{791F6F95-3416-4D34-A498-096010DA0C28}.Release|Any CPU.ActiveCfg = Release|Any CPU
		{791F6F95-3416-4D34-A498-096010DA0C28}.Release|Any CPU.Build.0 = Release|Any CPU
		{791F6F95-3416-4D34-A498-096010DA0C28}.Release|Any CPU.Deploy.0 = Release|Any CPU
	EndGlobalSection
	GlobalSection(SolutionProperties) = preSolution
		HideSolutionNode = FALSE
	EndGlobalSection
	GlobalSection(ExtensibilityGlobals) = postSolution
		SolutionGuid = {85765F00-AE85-44FE-AB19-024EE3436647}
	EndGlobalSection
EndGlobal
